
Microsoft Visual Studio Solution File, Format Version 12.00
# Visual Studio Version 16
VisualStudioVersion = 16.0.32802.440
MinimumVisualStudioVersion = 10.0.40219.1
Project("{FAE04EC0-301F-11D3-BF4B-00C04F79EFBC}") = "10.12.Sjukhus", "10.12.Sjukhus\10.12.Sjukhus.csproj", "{439D4FBC-0A96-4446-8051-5724EAA1EE5C}"
EndProject
Global
	GlobalSection(SolutionConfigurationPlatforms) = preSolution
		Debug|Any CPU = Debug|Any CPU
		Release|Any CPU = Release|Any CPU
	EndGlobalSection
	GlobalSection(ProjectConfigurationPlatforms) = postSolution
		{439D4FBC-0A96-4446-8051-5724EAA1EE5C}.Debug|Any CPU.ActiveCfg = Debug|Any CPU
		{439D4FBC-0A96-4446-8051-5724EAA1EE5C}.Debug|Any CPU.Build.0 = Debug|Any CPU
		{439D4FBC-0A96-4446-8051-5724EAA1EE5C}.Release|Any CPU.ActiveCfg = Release|Any CPU
		{439D4FBC-0A96-4446-8051-5724EAA1EE5C}.Release|Any CPU.Build.0 = Release|Any CPU
	EndGlobalSection
	GlobalSection(SolutionProperties) = preSolution
		HideSolutionNode = FALSE
	EndGlobalSection
	GlobalSection(ExtensibilityGlobals) = postSolution
		SolutionGuid = {3BF4FB39-BE39-4699-B5DC-C5F274B204E7}
	EndGlobalSection
EndGlobal
